
Microsoft Visual Studio Solution File, Format Version 12.00
# Visual Studio Version 16
VisualStudioVersion = 16.0.30523.141
MinimumVisualStudioVersion = 10.0.40219.1
Project("{2150E333-8FDC-42A3-9474-1A3956D46DE8}") = "1 - Testes de Unidade", "1 - Testes de Unidade", "{6EC543E3-473A-4397-8B68-023AAAE25302}"
EndProject
Project("{2150E333-8FDC-42A3-9474-1A3956D46DE8}") = "1.1 - Testes Basicos", "1.1 - Testes Basicos", "{5770CB8A-533A-41C8-B336-694D824B08E1}"
EndProject
Project("{FAE04EC0-301F-11D3-BF4B-00C04F79EFBC}") = "Demo", "1 - Testes de Unidade\Demo\Demo.csproj", "{B9392DB1-5435-4CEA-80C4-3113B36F7520}"
EndProject
Global
	GlobalSection(SolutionConfigurationPlatforms) = preSolution
		Debug|Any CPU = Debug|Any CPU
		Release|Any CPU = Release|Any CPU
	EndGlobalSection
	GlobalSection(ProjectConfigurationPlatforms) = postSolution
		{B9392DB1-5435-4CEA-80C4-3113B36F7520}.Debug|Any CPU.ActiveCfg = Debug|Any CPU
		{B9392DB1-5435-4CEA-80C4-3113B36F7520}.Debug|Any CPU.Build.0 = Debug|Any CPU
		{B9392DB1-5435-4CEA-80C4-3113B36F7520}.Release|Any CPU.ActiveCfg = Release|Any CPU
		{B9392DB1-5435-4CEA-80C4-3113B36F7520}.Release|Any CPU.Build.0 = Release|Any CPU
	EndGlobalSection
	GlobalSection(SolutionProperties) = preSolution
		HideSolutionNode = FALSE
	EndGlobalSection
	GlobalSection(NestedProjects) = preSolution
		{5770CB8A-533A-41C8-B336-694D824B08E1} = {6EC543E3-473A-4397-8B68-023AAAE25302}
		{B9392DB1-5435-4CEA-80C4-3113B36F7520} = {5770CB8A-533A-41C8-B336-694D824B08E1}
	EndGlobalSection
	GlobalSection(ExtensibilityGlobals) = postSolution
		SolutionGuid = {068CE3A5-CBF5-4F14-AFFB-E2D9D27BF411}
	EndGlobalSection
EndGlobal
